github.com/alecthomas/assert/v2 v2.2.0 h1:f6L/b7KE2bfA+9O4FL3CM/xJccDEwPVYd5fALBiuwvw=
github.com/alecthomas/chroma/v2 v2.4.0 h1:Loe2ZjT5x3q1bcWwemqyqEi8p11/IV/ncFCeLYDpWC4=
github.com/alecthomas/chroma/v2 v2.4.0/go.mod h1:6kHzqF5O6FUSJzBXW7fXELjb+e+7OXW4UpoPqMO7IBQ=
github.com/alecthomas/chroma/v2 v2.5.0 h1:CQCdj1BiBV17sD4Bd32b/Bzuiq/EqoNTrnIhyQAZ+Rk=
github.com/alecthomas/chroma/v2 v2.5.0/go.mod h1:yrkMI9807G1ROx13fhe1v6PN2DDeaR73L3d+1nmYQtw=
github.com/alecthomas/chroma/v2 v2.7.0 h1:hm1rY6c/Ob4eGclpQ7X/A3yhqBOZNUTk9q+yhyLIViI=
github.com/alecthomas/chroma/v2 v2.7.0/go.mod h1:yrkMI9807G1ROx13fhe1v6PN2DDeaR73L3d+1nmYQtw=
github.com/alecthomas/repr v0.1.0 h1:ENn2e1+J3k09gyj2shc0dHr/yjaWSHRlrJ4DPMevDqE=
github.com/dlclark/regexp2 v1.8.0 h1:rJD5HeGIT/2b5CDk63FVCwZA3qgYElfg+oQK7uH5pfE=
github.com/dlclark/regexp2 v1.8.0/go.mod h1:DHkYz0B9wPfa6wondMfaivmHpzrQ3v9q8cnmRbL6yW8=
github.com/hexops/gotextdiff v1.0.3 h1:gitA9+qJrrTCsiCl7+kh75nPqQt1cx4ZkudSTLoUqJM=
github.com/russross/blackfriday/v2 v2.1.0 h1:JIOH55/0cWyOuilr9/qlrm0BSXldqnqwMsf35Ld67mk=
github.com/russross/blackfriday/v2 v2.1.0/go.mod h1:+Rmxgy9KzJVeS9/2gXHxylqXiyQDYRxCVz55jmeOWTM=
